
Microsoft Visual Studio Solution File, Format Version 12.00
# Visual Studio Version 17
VisualStudioVersion = 17.0.32014.148
MinimumVisualStudioVersion = 10.0.40219.1
Project("{9A19103F-16F7-4668-BE54-9A1E7A4F7556}") = "Localiza.Frotas", "Localiza.Frotas\Localiza.Frotas.csproj", "{46500D43-A255-4837-84CD-B776F5E26096}"
EndProject
Project("{FAE04EC0-301F-11D3-BF4B-00C04F79EFBC}") = "Localiza.Frotas.Domain", "Localiza.Frotas.Domain\Localiza.Frotas.Domain.csproj", "{3B573BA2-C0BB-4951-B48D-9C3F3A0E8202}"
EndProject
Project("{FAE04EC0-301F-11D3-BF4B-00C04F79EFBC}") = "Localiza.Frotas.Infra", "Localiza.Frotas.Infra\Localiza.Frotas.Infra.csproj", "{09F79CE5-3FD2-4CF8-997C-F4EE7DA88DE2}"
EndProject
Global
	GlobalSection(SolutionConfigurationPlatforms) = preSolution
		Debug|Any CPU = Debug|Any CPU
		Release|Any CPU = Release|Any CPU
	EndGlobalSection
	GlobalSection(ProjectConfigurationPlatforms) = postSolution
		{46500D43-A255-4837-84CD-B776F5E26096}.Debug|Any CPU.ActiveCfg = Debug|Any CPU
		{46500D43-A255-4837-84CD-B776F5E26096}.Debug|Any CPU.Build.0 = Debug|Any CPU
		{46500D43-A255-4837-84CD-B776F5E26096}.Release|Any CPU.ActiveCfg = Release|Any CPU
		{46500D43-A255-4837-84CD-B776F5E26096}.Release|Any CPU.Build.0 = Release|Any CPU
		{3B573BA2-C0BB-4951-B48D-9C3F3A0E8202}.Debug|Any CPU.ActiveCfg = Debug|Any CPU
		{3B573BA2-C0BB-4951-B48D-9C3F3A0E8202}.Debug|Any CPU.Build.0 = Debug|Any CPU
		{3B573BA2-C0BB-4951-B48D-9C3F3A0E8202}.Release|Any CPU.ActiveCfg = Release|Any CPU
		{3B573BA2-C0BB-4951-B48D-9C3F3A0E8202}.Release|Any CPU.Build.0 = Release|Any CPU
		{09F79CE5-3FD2-4CF8-997C-F4EE7DA88DE2}.Debug|Any CPU.ActiveCfg = Debug|Any CPU
		{09F79CE5-3FD2-4CF8-997C-F4EE7DA88DE2}.Debug|Any CPU.Build.0 = Debug|Any CPU
		{09F79CE5-3FD2-4CF8-997C-F4EE7DA88DE2}.Release|Any CPU.ActiveCfg = Release|Any CPU
		{09F79CE5-3FD2-4CF8-997C-F4EE7DA88DE2}.Release|Any CPU.Build.0 = Release|Any CPU
	EndGlobalSection
	GlobalSection(SolutionProperties) = preSolution
		HideSolutionNode = FALSE
	EndGlobalSection
	GlobalSection(ExtensibilityGlobals) = postSolution
		SolutionGuid = {F3A5C3CF-3959-4E34-98A2-5553A5CDB31D}
	EndGlobalSection
EndGlobal
